
Microsoft Visual Studio Solution File, Format Version 12.00
# Visual Studio Version 17
VisualStudioVersion = 17.0.31903.59
MinimumVisualStudioVersion = 10.0.40219.1
Project("{2150E333-8FDC-42A3-9474-1A3956D46DE8}") = "src", "src", "{44B5B9C9-1517-4DFD-8E0B-E876B156CFBB}"
EndProject
Project("{FAE04EC0-301F-11D3-BF4B-00C04F79EFBC}") = "EpiManager.Api", "src\Api\EpiManager.Api.csproj", "{2EC9FB7E-3BE1-4A9C-82FC-31544D67DB92}"
EndProject
Project("{FAE04EC0-301F-11D3-BF4B-00C04F79EFBC}") = "EpiManager.Application", "src\Application\EpiManager.Application.csproj", "{D7415F86-C0C4-4D45-891C-85C892F52852}"
EndProject
Project("{FAE04EC0-301F-11D3-BF4B-00C04F79EFBC}") = "EpiManager.Domain", "src\Domain\EpiManager.Domain.csproj", "{7590D6EA-5D38-44B4-B47E-13C219E8354D}"
EndProject
Project("{FAE04EC0-301F-11D3-BF4B-00C04F79EFBC}") = "EpiManager.Infrastructure", "src\Infrastructure\EpiManager.Infrastructure.csproj", "{5BD871E3-3337-4549-A647-AB2F929B78CF}"
EndProject
Global
	GlobalSection(SolutionProperties) = preSolution
		HideSolutionNode = FALSE
	EndGlobalSection
	GlobalSection(SolutionConfigurationPlatforms) = preSolution
		Debug|Any CPU = Debug|Any CPU
		Debug|x64 = Debug|x64
		Debug|x86 = Debug|x86
		Release|Any CPU = Release|Any CPU
		Release|x64 = Release|x64
		Release|x86 = Release|x86
	EndGlobalSection
	GlobalSection(ProjectConfigurationPlatforms) = postSolution
		{2EC9FB7E-3BE1-4A9C-82FC-31544D67DB92}.Debug|Any CPU.ActiveCfg = Debug|Any CPU
		{2EC9FB7E-3BE1-4A9C-82FC-31544D67DB92}.Debug|Any CPU.Build.0 = Debug|Any CPU
		{2EC9FB7E-3BE1-4A9C-82FC-31544D67DB92}.Debug|x64.ActiveCfg = Debug|Any CPU
		{2EC9FB7E-3BE1-4A9C-82FC-31544D67DB92}.Debug|x64.Build.0 = Debug|Any CPU
		{2EC9FB7E-3BE1-4A9C-82FC-31544D67DB92}.Debug|x86.ActiveCfg = Debug|Any CPU
		{2EC9FB7E-3BE1-4A9C-82FC-31544D67DB92}.Debug|x86.Build.0 = Debug|Any CPU
		{2EC9FB7E-3BE1-4A9C-82FC-31544D67DB92}.Release|Any CPU.ActiveCfg = Release|Any CPU
		{2EC9FB7E-3BE1-4A9C-82FC-31544D67DB92}.Release|Any CPU.Build.0 = Release|Any CPU
		{2EC9FB7E-3BE1-4A9C-82FC-31544D67DB92}.Release|x64.ActiveCfg = Release|Any CPU
		{2EC9FB7E-3BE1-4A9C-82FC-31544D67DB92}.Release|x64.Build.0 = Release|Any CPU
		{2EC9FB7E-3BE1-4A9C-82FC-31544D67DB92}.Release|x86.ActiveCfg = Release|Any CPU
		{2EC9FB7E-3BE1-4A9C-82FC-31544D67DB92}.Release|x86.Build.0 = Release|Any CPU
		{D7415F86-C0C4-4D45-891C-85C892F52852}.Debug|Any CPU.ActiveCfg = Debug|Any CPU
		{D7415F86-C0C4-4D45-891C-85C892F52852}.Debug|Any CPU.Build.0 = Debug|Any CPU
		{D7415F86-C0C4-4D45-891C-85C892F52852}.Debug|x64.ActiveCfg = Debug|Any CPU
		{D7415F86-C0C4-4D45-891C-85C892F52852}.Debug|x64.Build.0 = Debug|Any CPU
		{D7415F86-C0C4-4D45-891C-85C892F52852}.Debug|x86.ActiveCfg = Debug|Any CPU
		{D7415F86-C0C4-4D45-891C-85C892F52852}.Debug|x86.Build.0 = Debug|Any CPU
		{D7415F86-C0C4-4D45-891C-85C892F52852}.Release|Any CPU.ActiveCfg = Release|Any CPU
		{D7415F86-C0C4-4D45-891C-85C892F52852}.Release|Any CPU.Build.0 = Release|Any CPU
		{D7415F86-C0C4-4D45-891C-85C892F52852}.Release|x64.ActiveCfg = Release|Any CPU
		{D7415F86-C0C4-4D45-891C-85C892F52852}.Release|x64.Build.0 = Release|Any CPU
		{D7415F86-C0C4-4D45-891C-85C892F52852}.Release|x86.ActiveCfg = Release|Any CPU
		{D7415F86-C0C4-4D45-891C-85C892F52852}.Release|x86.Build.0 = Release|Any CPU
		{7590D6EA-5D38-44B4-B47E-13C219E8354D}.Debug|Any CPU.ActiveCfg = Debug|Any CPU
		{7590D6EA-5D38-44B4-B47E-13C219E8354D}.Debug|Any CPU.Build.0 = Debug|Any CPU
		{7590D6EA-5D38-44B4-B47E-13C219E8354D}.Debug|x64.ActiveCfg = Debug|Any CPU
		{7590D6EA-5D38-44B4-B47E-13C219E8354D}.Debug|x64.Build.0 = Debug|Any CPU
		{7590D6EA-5D38-44B4-B47E-13C219E8354D}.Debug|x86.ActiveCfg = Debug|Any CPU
		{7590D6EA-5D38-44B4-B47E-13C219E8354D}.Debug|x86.Build.0 = Debug|Any CPU
		{7590D6EA-5D38-44B4-B47E-13C219E8354D}.Release|Any CPU.ActiveCfg = Release|Any CPU
		{7590D6EA-5D38-44B4-B47E-13C219E8354D}.Release|Any CPU.Build.0 = Release|Any CPU
		{7590D6EA-5D38-44B4-B47E-13C219E8354D}.Release|x64.ActiveCfg = Release|Any CPU
		{7590D6EA-5D38-44B4-B47E-13C219E8354D}.Release|x64.Build.0 = Release|Any CPU
		{7590D6EA-5D38-44B4-B47E-13C219E8354D}.Release|x86.ActiveCfg = Release|Any CPU
		{7590D6EA-5D38-44B4-B47E-13C219E8354D}.Release|x86.Build.0 = Release|Any CPU
		{5BD871E3-3337-4549-A647-AB2F929B78CF}.Debug|Any CPU.ActiveCfg = Debug|Any CPU
		{5BD871E3-3337-4549-A647-AB2F929B78CF}.Debug|Any CPU.Build.0 = Debug|Any CPU
		{5BD871E3-3337-4549-A647-AB2F929B78CF}.Debug|x64.ActiveCfg = Debug|Any CPU
		{5BD871E3-3337-4549-A647-AB2F929B78CF}.Debug|x64.Build.0 = Debug|Any CPU
		{5BD871E3-3337-4549-A647-AB2F929B78CF}.Debug|x86.ActiveCfg = Debug|Any CPU
		{5BD871E3-3337-4549-A647-AB2F929B78CF}.Debug|x86.Build.0 = Debug|Any CPU
		{5BD871E3-3337-4549-A647-AB2F929B78CF}.Release|Any CPU.ActiveCfg = Release|Any CPU
		{5BD871E3-3337-4549-A647-AB2F929B78CF}.Release|Any CPU.Build.0 = Release|Any CPU
		{5BD871E3-3337-4549-A647-AB2F929B78CF}.Release|x64.ActiveCfg = Release|Any CPU
		{5BD871E3-3337-4549-A647-AB2F929B78CF}.Release|x64.Build.0 = Release|Any CPU
		{5BD871E3-3337-4549-A647-AB2F929B78CF}.Release|x86.ActiveCfg = Release|Any CPU
		{5BD871E3-3337-4549-A647-AB2F929B78CF}.Release|x86.Build.0 = Release|Any CPU
	EndGlobalSection
	GlobalSection(NestedProjects) = preSolution
		{2EC9FB7E-3BE1-4A9C-82FC-31544D67DB92} = {44B5B9C9-1517-4DFD-8E0B-E876B156CFBB}
		{D7415F86-C0C4-4D45-891C-85C892F52852} = {44B5B9C9-1517-4DFD-8E0B-E876B156CFBB}
		{7590D6EA-5D38-44B4-B47E-13C219E8354D} = {44B5B9C9-1517-4DFD-8E0B-E876B156CFBB}
		{5BD871E3-3337-4549-A647-AB2F929B78CF} = {44B5B9C9-1517-4DFD-8E0B-E876B156CFBB}
	EndGlobalSection
EndGlobal
